
Microsoft Visual Studio Solution File, Format Version 12.00
# Visual Studio Version 16
VisualStudioVersion = 25.0.1704.2
MinimumVisualStudioVersion = 10.0.40219.1
Project("{FAE04EC0-301F-11D3-BF4B-00C04F79EFBC}") = "yoursky", "yoursky\yoursky.csproj", "{BDD8CABE-69CC-475D-B989-E79A341DCA45}"
EndProject
Global
	GlobalSection(SolutionConfigurationPlatforms) = preSolution
		Debug|Any CPU = Debug|Any CPU
		Release|Any CPU = Release|Any CPU
	EndGlobalSection
	GlobalSection(ProjectConfigurationPlatforms) = postSolution
		{BDD8CABE-69CC-475D-B989-E79A341DCA45}.Debug|Any CPU.ActiveCfg = Debug|Any CPU
		{BDD8CABE-69CC-475D-B989-E79A341DCA45}.Debug|Any CPU.Build.0 = Debug|Any CPU
		{BDD8CABE-69CC-475D-B989-E79A341DCA45}.Release|Any CPU.ActiveCfg = Release|Any CPU
		{BDD8CABE-69CC-475D-B989-E79A341DCA45}.Release|Any CPU.Build.0 = Release|Any CPU
	EndGlobalSection
	GlobalSection(SolutionProperties) = preSolution
		HideSolutionNode = FALSE
	EndGlobalSection
	GlobalSection(ExtensibilityGlobals) = postSolution
		SolutionGuid = {A7F274F9-B728-40DF-9C1A-E3C6D090BC48}
	EndGlobalSection
EndGlobal
